
Microsoft Visual Studio Solution File, Format Version 12.00
# Visual Studio Version 18
VisualStudioVersion = 18.4.11702.344 oobstable
MinimumVisualStudioVersion = 10.0.40219.1
Project("{2150E333-8FDC-42A3-9474-1A3956D46DE8}") = "src", "src", "{827E0CD3-B72D-47B6-A68D-7590B98EB39B}"
EndProject
Project("{FAE04EC0-301F-11D3-BF4B-00C04F79EFBC}") = "Schreibkraft.Core", "src\Schreibkraft.Core\Schreibkraft.Core.csproj", "{387F67C1-C631-43CE-81E1-9D0107F9F5FE}"
EndProject
Project("{FAE04EC0-301F-11D3-BF4B-00C04F79EFBC}") = "Schreibkraft.Infrastructure", "src\Schreibkraft.Infrastructure\Schreibkraft.Infrastructure.csproj", "{510F4513-56BD-4106-9729-4362F9362596}"
EndProject
Project("{FAE04EC0-301F-11D3-BF4B-00C04F79EFBC}") = "Schreibkraft", "src\Schreibkraft\Schreibkraft.csproj", "{1A2B3C4D-5E6F-4A7B-8C9D-0E1F2A3B4C5D}"
EndProject
Project("{2150E333-8FDC-42A3-9474-1A3956D46DE8}") = "tests", "tests", "{0AB3BF05-4346-4AA6-1389-037BE0695223}"
EndProject
Project("{FAE04EC0-301F-11D3-BF4B-00C04F79EFBC}") = "Schreibkraft.Core.Tests", "tests\Schreibkraft.Core.Tests\Schreibkraft.Core.Tests.csproj", "{BD2B525A-E22F-4827-9BDF-6F50052BCC68}"
EndProject
Project("{FAE04EC0-301F-11D3-BF4B-00C04F79EFBC}") = "Schreibkraft.Infrastructure.Tests", "tests\Schreibkraft.Infrastructure.Tests\Schreibkraft.Infrastructure.Tests.csproj", "{A6F75A2B-6B54-4464-A842-376F3886D71B}"
EndProject
Global
	GlobalSection(SolutionConfigurationPlatforms) = preSolution
		Debug|Any CPU = Debug|Any CPU
		Debug|x64 = Debug|x64
		Debug|x86 = Debug|x86
		Release|Any CPU = Release|Any CPU
		Release|x64 = Release|x64
		Release|x86 = Release|x86
	EndGlobalSection
	GlobalSection(ProjectConfigurationPlatforms) = postSolution
		{387F67C1-C631-43CE-81E1-9D0107F9F5FE}.Debug|Any CPU.ActiveCfg = Debug|Any CPU
		{387F67C1-C631-43CE-81E1-9D0107F9F5FE}.Debug|Any CPU.Build.0 = Debug|Any CPU
		{387F67C1-C631-43CE-81E1-9D0107F9F5FE}.Debug|x64.ActiveCfg = Debug|Any CPU
		{387F67C1-C631-43CE-81E1-9D0107F9F5FE}.Debug|x64.Build.0 = Debug|Any CPU
		{387F67C1-C631-43CE-81E1-9D0107F9F5FE}.Debug|x86.ActiveCfg = Debug|Any CPU
		{387F67C1-C631-43CE-81E1-9D0107F9F5FE}.Debug|x86.Build.0 = Debug|Any CPU
		{387F67C1-C631-43CE-81E1-9D0107F9F5FE}.Release|Any CPU.ActiveCfg = Release|Any CPU
		{387F67C1-C631-43CE-81E1-9D0107F9F5FE}.Release|Any CPU.Build.0 = Release|Any CPU
		{387F67C1-C631-43CE-81E1-9D0107F9F5FE}.Release|x64.ActiveCfg = Release|Any CPU
		{387F67C1-C631-43CE-81E1-9D0107F9F5FE}.Release|x64.Build.0 = Release|Any CPU
		{387F67C1-C631-43CE-81E1-9D0107F9F5FE}.Release|x86.ActiveCfg = Release|Any CPU
		{387F67C1-C631-43CE-81E1-9D0107F9F5FE}.Release|x86.Build.0 = Release|Any CPU
		{510F4513-56BD-4106-9729-4362F9362596}.Debug|Any CPU.ActiveCfg = Debug|Any CPU
		{510F4513-56BD-4106-9729-4362F9362596}.Debug|Any CPU.Build.0 = Debug|Any CPU
		{510F4513-56BD-4106-9729-4362F9362596}.Debug|x64.ActiveCfg = Debug|Any CPU
		{510F4513-56BD-4106-9729-4362F9362596}.Debug|x64.Build.0 = Debug|Any CPU
		{510F4513-56BD-4106-9729-4362F9362596}.Debug|x86.ActiveCfg = Debug|Any CPU
		{510F4513-56BD-4106-9729-4362F9362596}.Debug|x86.Build.0 = Debug|Any CPU
		{510F4513-56BD-4106-9729-4362F9362596}.Release|Any CPU.ActiveCfg = Release|Any CPU
		{510F4513-56BD-4106-9729-4362F9362596}.Release|Any CPU.Build.0 = Release|Any CPU
		{510F4513-56BD-4106-9729-4362F9362596}.Release|x64.ActiveCfg = Release|Any CPU
		{510F4513-56BD-4106-9729-4362F9362596}.Release|x64.Build.0 = Release|Any CPU
		{510F4513-56BD-4106-9729-4362F9362596}.Release|x86.ActiveCfg = Release|Any CPU
		{510F4513-56BD-4106-9729-4362F9362596}.Release|x86.Build.0 = Release|Any CPU
		{1A2B3C4D-5E6F-4A7B-8C9D-0E1F2A3B4C5D}.Debug|Any CPU.ActiveCfg = Debug|x64
		{1A2B3C4D-5E6F-4A7B-8C9D-0E1F2A3B4C5D}.Debug|Any CPU.Build.0 = Debug|x64
		{1A2B3C4D-5E6F-4A7B-8C9D-0E1F2A3B4C5D}.Debug|x64.ActiveCfg = Debug|x64
		{1A2B3C4D-5E6F-4A7B-8C9D-0E1F2A3B4C5D}.Debug|x64.Build.0 = Debug|x64
		{1A2B3C4D-5E6F-4A7B-8C9D-0E1F2A3B4C5D}.Debug|x86.ActiveCfg = Debug|x64
		{1A2B3C4D-5E6F-4A7B-8C9D-0E1F2A3B4C5D}.Debug|x86.Build.0 = Debug|x64
		{1A2B3C4D-5E6F-4A7B-8C9D-0E1F2A3B4C5D}.Release|Any CPU.ActiveCfg = Release|x64
		{1A2B3C4D-5E6F-4A7B-8C9D-0E1F2A3B4C5D}.Release|Any CPU.Build.0 = Release|x64
		{1A2B3C4D-5E6F-4A7B-8C9D-0E1F2A3B4C5D}.Release|x64.ActiveCfg = Release|x64
		{1A2B3C4D-5E6F-4A7B-8C9D-0E1F2A3B4C5D}.Release|x64.Build.0 = Release|x64
		{1A2B3C4D-5E6F-4A7B-8C9D-0E1F2A3B4C5D}.Release|x86.ActiveCfg = Release|x64
		{1A2B3C4D-5E6F-4A7B-8C9D-0E1F2A3B4C5D}.Release|x86.Build.0 = Release|x64
		{BD2B525A-E22F-4827-9BDF-6F50052BCC68}.Debug|Any CPU.ActiveCfg = Debug|Any CPU
		{BD2B525A-E22F-4827-9BDF-6F50052BCC68}.Debug|Any CPU.Build.0 = Debug|Any CPU
		{BD2B525A-E22F-4827-9BDF-6F50052BCC68}.Debug|x64.ActiveCfg = Debug|Any CPU
		{BD2B525A-E22F-4827-9BDF-6F50052BCC68}.Debug|x64.Build.0 = Debug|Any CPU
		{BD2B525A-E22F-4827-9BDF-6F50052BCC68}.Debug|x86.ActiveCfg = Debug|Any CPU
		{BD2B525A-E22F-4827-9BDF-6F50052BCC68}.Debug|x86.Build.0 = Debug|Any CPU
		{BD2B525A-E22F-4827-9BDF-6F50052BCC68}.Release|Any CPU.ActiveCfg = Release|Any CPU
		{BD2B525A-E22F-4827-9BDF-6F50052BCC68}.Release|Any CPU.Build.0 = Release|Any CPU
		{BD2B525A-E22F-4827-9BDF-6F50052BCC68}.Release|x64.ActiveCfg = Release|Any CPU
		{BD2B525A-E22F-4827-9BDF-6F50052BCC68}.Release|x64.Build.0 = Release|Any CPU
		{BD2B525A-E22F-4827-9BDF-6F50052BCC68}.Release|x86.ActiveCfg = Release|Any CPU
		{BD2B525A-E22F-4827-9BDF-6F50052BCC68}.Release|x86.Build.0 = Release|Any CPU
		{A6F75A2B-6B54-4464-A842-376F3886D71B}.Debug|Any CPU.ActiveCfg = Debug|Any CPU
		{A6F75A2B-6B54-4464-A842-376F3886D71B}.Debug|Any CPU.Build.0 = Debug|Any CPU
		{A6F75A2B-6B54-4464-A842-376F3886D71B}.Debug|x64.ActiveCfg = Debug|Any CPU
		{A6F75A2B-6B54-4464-A842-376F3886D71B}.Debug|x64.Build.0 = Debug|Any CPU
		{A6F75A2B-6B54-4464-A842-376F3886D71B}.Debug|x86.ActiveCfg = Debug|Any CPU
		{A6F75A2B-6B54-4464-A842-376F3886D71B}.Debug|x86.Build.0 = Debug|Any CPU
		{A6F75A2B-6B54-4464-A842-376F3886D71B}.Release|Any CPU.ActiveCfg = Release|Any CPU
		{A6F75A2B-6B54-4464-A842-376F3886D71B}.Release|Any CPU.Build.0 = Release|Any CPU
		{A6F75A2B-6B54-4464-A842-376F3886D71B}.Release|x64.ActiveCfg = Release|Any CPU
		{A6F75A2B-6B54-4464-A842-376F3886D71B}.Release|x64.Build.0 = Release|Any CPU
		{A6F75A2B-6B54-4464-A842-376F3886D71B}.Release|x86.ActiveCfg = Release|Any CPU
		{A6F75A2B-6B54-4464-A842-376F3886D71B}.Release|x86.Build.0 = Release|Any CPU
	EndGlobalSection
	GlobalSection(SolutionProperties) = preSolution
		HideSolutionNode = FALSE
	EndGlobalSection
	GlobalSection(NestedProjects) = preSolution
		{387F67C1-C631-43CE-81E1-9D0107F9F5FE} = {827E0CD3-B72D-47B6-A68D-7590B98EB39B}
		{510F4513-56BD-4106-9729-4362F9362596} = {827E0CD3-B72D-47B6-A68D-7590B98EB39B}
		{1A2B3C4D-5E6F-4A7B-8C9D-0E1F2A3B4C5D} = {827E0CD3-B72D-47B6-A68D-7590B98EB39B}
		{BD2B525A-E22F-4827-9BDF-6F50052BCC68} = {0AB3BF05-4346-4AA6-1389-037BE0695223}
		{A6F75A2B-6B54-4464-A842-376F3886D71B} = {0AB3BF05-4346-4AA6-1389-037BE0695223}
	EndGlobalSection
EndGlobal
